// !$*UTF8*$!
{
	archiveVersion = 1;
	classes = {
	};
	objectVersion = 46;
	objects = {

/* Begin PBXBuildFile section */
		BC5706771404E02E009AE913 /* CoreLocation.framework in Frameworks */ = {isa = PBXBuildFile; fileRef = BC5706761404E02E009AE913 /* CoreLocation.framework */; };
		BC5706C41404E9A0009AE913 /* UIKit.framework in Frameworks */ = {isa = PBXBuildFile; fileRef = BCC206571403D9CE00C1BF57 /* UIKit.framework */; };
		BC5706C51404E9A0009AE913 /* Foundation.framework in Frameworks */ = {isa = PBXBuildFile; fileRef = BCC206591403D9CE00C1BF57 /* Foundation.framework */; };
		BC5706C61404E9A0009AE913 /* CoreGraphics.framework in Frameworks */ = {isa = PBXBuildFile; fileRef = BCC2065B1403D9CE00C1BF57 /* CoreGraphics.framework */; };
		BC5706CC1404E9A0009AE913 /* InfoPlist.strings in Resources */ = {isa = PBXBuildFile; fileRef = BC5706CA1404E9A0009AE913 /* InfoPlist.strings */; };
		BC5706CE1404E9A0009AE913 /* WideNoiseTests.h in Resources */ = {isa = PBXBuildFile; fileRef = BC5706CD1404E9A0009AE913 /* WideNoiseTests.h */; };
		BC5706D01404E9A0009AE913 /* WideNoiseTests.m in Sources */ = {isa = PBXBuildFile; fileRef = BC5706CF1404E9A0009AE913 /* WideNoiseTests.m */; };
		BC5706E01404EE76009AE913 /* SenTestingKit.framework in Frameworks */ = {isa = PBXBuildFile; fileRef = BC5706DF1404EE76009AE913 /* SenTestingKit.framework */; };
		BC5706E31404FB5C009AE913 /* NSURLConnection+Blocks.m in Sources */ = {isa = PBXBuildFile; fileRef = BC5706E21404FB5C009AE913 /* NSURLConnection+Blocks.m */; };
		BC5706EF14052F62009AE913 /* ListenViewController.m in Sources */ = {isa = PBXBuildFile; fileRef = BC5706ED14052F62009AE913 /* ListenViewController.m */; };
		BC5706F014052F62009AE913 /* ListenViewController.xib in Resources */ = {isa = PBXBuildFile; fileRef = BC5706EE14052F62009AE913 /* ListenViewController.xib */; };
		BC5706F514052FA7009AE913 /* MapViewController.m in Sources */ = {isa = PBXBuildFile; fileRef = BC5706F314052FA7009AE913 /* MapViewController.m */; };
		BC5706F614052FA7009AE913 /* MapViewController.xib in Resources */ = {isa = PBXBuildFile; fileRef = BC5706F414052FA7009AE913 /* MapViewController.xib */; };
		BC5706FA14052FBD009AE913 /* ShareViewController.m in Sources */ = {isa = PBXBuildFile; fileRef = BC5706F814052FBD009AE913 /* ShareViewController.m */; };
		BC5706FB14052FBD009AE913 /* ShareViewController.xib in Resources */ = {isa = PBXBuildFile; fileRef = BC5706F914052FBD009AE913 /* ShareViewController.xib */; };
		BC57070414052FDD009AE913 /* AboutViewController.m in Sources */ = {isa = PBXBuildFile; fileRef = BC57070214052FDD009AE913 /* AboutViewController.m */; };
		BC57070514052FDD009AE913 /* AboutViewController.xib in Resources */ = {isa = PBXBuildFile; fileRef = BC57070314052FDD009AE913 /* AboutViewController.xib */; };
		BC5ADFF7140692640058EB45 /* functions.c in Sources */ = {isa = PBXBuildFile; fileRef = BC5ADFF6140692640058EB45 /* functions.c */; };
		BC937D2A140546FE004B1147 /* WTNoiseRecorder.m in Sources */ = {isa = PBXBuildFile; fileRef = BC937D29140546FE004B1147 /* WTNoiseRecorder.m */; };
		BC937D2D140547D4004B1147 /* AVFoundation.framework in Frameworks */ = {isa = PBXBuildFile; fileRef = BC937D2C140547D4004B1147 /* AVFoundation.framework */; };
		BCC206581403D9CE00C1BF57 /* UIKit.framework in Frameworks */ = {isa = PBXBuildFile; fileRef = BCC206571403D9CE00C1BF57 /* UIKit.framework */; };
		BCC2065A1403D9CE00C1BF57 /* Foundation.framework in Frameworks */ = {isa = PBXBuildFile; fileRef = BCC206591403D9CE00C1BF57 /* Foundation.framework */; };
		BCC2065C1403D9CE00C1BF57 /* CoreGraphics.framework in Frameworks */ = {isa = PBXBuildFile; fileRef = BCC2065B1403D9CE00C1BF57 /* CoreGraphics.framework */; };
		BCC206621403D9CE00C1BF57 /* InfoPlist.strings in Resources */ = {isa = PBXBuildFile; fileRef = BCC206601403D9CE00C1BF57 /* InfoPlist.strings */; };
		BCC206641403D9CE00C1BF57 /* main.m in Sources */ = {isa = PBXBuildFile; fileRef = BCC206631403D9CE00C1BF57 /* main.m */; };
		BCC206681403D9CE00C1BF57 /* WideNoiseAppDelegate.m in Sources */ = {isa = PBXBuildFile; fileRef = BCC206671403D9CE00C1BF57 /* WideNoiseAppDelegate.m */; };
		BCC2066B1403D9CE00C1BF57 /* MainWindow.xib in Resources */ = {isa = PBXBuildFile; fileRef = BCC206691403D9CE00C1BF57 /* MainWindow.xib */; };
		BCC2067B1403E3D500C1BF57 /* WTNoise.m in Sources */ = {isa = PBXBuildFile; fileRef = BCC2067A1403E3D500C1BF57 /* WTNoise.m */; };
/* End PBXBuildFile section */

/* Begin PBXContainerItemProxy section */
		BC5706D51404EDD2009AE913 /* PBXContainerItemProxy */ = {
			isa = PBXContainerItemProxy;
			containerPortal = BCC2064A1403D9CE00C1BF57 /* Project object */;
			proxyType = 1;
			remoteGlobalIDString = BCC206521403D9CE00C1BF57;
			remoteInfo = WideNoise;
		};
/* End PBXContainerItemProxy section */

/* Begin PBXFileReference section */
		BC5706761404E02E009AE913 /* CoreLocation.framework */ = {isa = PBXFileReference; lastKnownFileType = wrapper.framework; name = CoreLocation.framework; path = System/Library/Frameworks/CoreLocation.framework; sourceTree = SDKROOT; };
		BC5706C11404E9A0009AE913 /* WideNoiseTests.octest */ = {isa = PBXFileReference; explicitFileType = wrapper.cfbundle; includeInIndex = 0; path = WideNoiseTests.octest; sourceTree = BUILT_PRODUCTS_DIR; };
		BC5706C91404E9A0009AE913 /* WideNoiseTests-Info.plist */ = {isa = PBXFileReference; lastKnownFileType = text.plist.xml; path = "WideNoiseTests-Info.plist"; sourceTree = "<group>"; };
		BC5706CB1404E9A0009AE913 /* en */ = {isa = PBXFileReference; lastKnownFileType = text.plist.strings; name = en; path = en.lproj/InfoPlist.strings; sourceTree = "<group>"; };
		BC5706CD1404E9A0009AE913 /* WideNoiseTests.h */ = {isa = PBXFileReference; lastKnownFileType = sourcecode.c.h; path = WideNoiseTests.h; sourceTree = "<group>"; };
		BC5706CF1404E9A0009AE913 /* WideNoiseTests.m */ = {isa = PBXFileReference; lastKnownFileType = sourcecode.c.objc; path = WideNoiseTests.m; sourceTree = "<group>"; };
		BC5706D11404E9A0009AE913 /* WideNoiseTests-Prefix.pch */ = {isa = PBXFileReference; lastKnownFileType = sourcecode.c.h; path = "WideNoiseTests-Prefix.pch"; sourceTree = "<group>"; };
		BC5706DF1404EE76009AE913 /* SenTestingKit.framework */ = {isa = PBXFileReference; lastKnownFileType = wrapper.framework; name = SenTestingKit.framework; path = Library/Frameworks/SenTestingKit.framework; sourceTree = DEVELOPER_DIR; };
		BC5706E11404FB5C009AE913 /* NSURLConnection+Blocks.h */ = {isa = PBXFileReference; fileEncoding = 4; lastKnownFileType = sourcecode.c.h; name = "NSURLConnection+Blocks.h"; path = "Categories/NSURLConnection+Blocks.h"; sourceTree = "<group>"; };
		BC5706E21404FB5C009AE913 /* NSURLConnection+Blocks.m */ = {isa = PBXFileReference; fileEncoding = 4; lastKnownFileType = sourcecode.c.objc; name = "NSURLConnection+Blocks.m"; path = "Categories/NSURLConnection+Blocks.m"; sourceTree = "<group>"; };
		BC5706EC14052F61009AE913 /* ListenViewController.h */ = {isa = PBXFileReference; fileEncoding = 4; lastKnownFileType = sourcecode.c.h; name = ListenViewController.h; path = "View Controllers/ListenViewController.h"; sourceTree = "<group>"; };
		BC5706ED14052F62009AE913 /* ListenViewController.m */ = {isa = PBXFileReference; fileEncoding = 4; lastKnownFileType = sourcecode.c.objc; name = ListenViewController.m; path = "View Controllers/ListenViewController.m"; sourceTree = "<group>"; };
		BC5706EE14052F62009AE913 /* ListenViewController.xib */ = {isa = PBXFileReference; fileEncoding = 4; lastKnownFileType = file.xib; name = ListenViewController.xib; path = "View Controllers/ListenViewController.xib"; sourceTree = "<group>"; };
		BC5706F214052FA7009AE913 /* MapViewController.h */ = {isa = PBXFileReference; fileEncoding = 4; lastKnownFileType = sourcecode.c.h; name = MapViewController.h; path = "View Controllers/MapViewController.h"; sourceTree = "<group>"; };
		BC5706F314052FA7009AE913 /* MapViewController.m */ = {isa = PBXFileReference; fileEncoding = 4; lastKnownFileType = sourcecode.c.objc; name = MapViewController.m; path = "View Controllers/MapViewController.m"; sourceTree = "<group>"; };
		BC5706F414052FA7009AE913 /* MapViewController.xib */ = {isa = PBXFileReference; fileEncoding = 4; lastKnownFileType = file.xib; name = MapViewController.xib; path = "View Controllers/MapViewController.xib"; sourceTree = "<group>"; };
		BC5706F714052FBD009AE913 /* ShareViewController.h */ = {isa = PBXFileReference; fileEncoding = 4; lastKnownFileType = sourcecode.c.h; name = ShareViewController.h; path = "View Controllers/ShareViewController.h"; sourceTree = "<group>"; };
		BC5706F814052FBD009AE913 /* ShareViewController.m */ = {isa = PBXFileReference; fileEncoding = 4; lastKnownFileType = sourcecode.c.objc; name = ShareViewController.m; path = "View Controllers/ShareViewController.m"; sourceTree = "<group>"; };
		BC5706F914052FBD009AE913 /* ShareViewController.xib */ = {isa = PBXFileReference; fileEncoding = 4; lastKnownFileType = file.xib; name = ShareViewController.xib; path = "View Controllers/ShareViewController.xib"; sourceTree = "<group>"; };
		BC57070114052FDD009AE913 /* AboutViewController.h */ = {isa = PBXFileReference; fileEncoding = 4; lastKnownFileType = sourcecode.c.h; name = AboutViewController.h; path = "View Controllers/AboutViewController.h"; sourceTree = "<group>"; };
		BC57070214052FDD009AE913 /* AboutViewController.m */ = {isa = PBXFileReference; fileEncoding = 4; lastKnownFileType = sourcecode.c.objc; name = AboutViewController.m; path = "View Controllers/AboutViewController.m"; sourceTree = "<group>"; };
		BC57070314052FDD009AE913 /* AboutViewController.xib */ = {isa = PBXFileReference; fileEncoding = 4; lastKnownFileType = file.xib; name = AboutViewController.xib; path = "View Controllers/AboutViewController.xib"; sourceTree = "<group>"; };
		BC5ADFF6140692640058EB45 /* functions.c */ = {isa = PBXFileReference; fileEncoding = 4; lastKnownFileType = sourcecode.c.c; path = functions.c; sourceTree = "<group>"; };
		BC5ADFFA140696350058EB45 /* functions.h */ = {isa = PBXFileReference; fileEncoding = 4; lastKnownFileType = sourcecode.c.h; path = functions.h; sourceTree = "<group>"; };
		BC937D28140546FE004B1147 /* WTNoiseRecorder.h */ = {isa = PBXFileReference; fileEncoding = 4; lastKnownFileType = sourcecode.c.h; name = WTNoiseRecorder.h; path = Classes/WTNoiseRecorder.h; sourceTree = "<group>"; };
		BC937D29140546FE004B1147 /* WTNoiseRecorder.m */ = {isa = PBXFileReference; fileEncoding = 4; lastKnownFileType = sourcecode.c.objc; name = WTNoiseRecorder.m; path = Classes/WTNoiseRecorder.m; sourceTree = "<group>"; };
		BC937D2C140547D4004B1147 /* AVFoundation.framework */ = {isa = PBXFileReference; lastKnownFileType = wrapper.framework; name = AVFoundation.framework; path = System/Library/Frameworks/AVFoundation.framework; sourceTree = SDKROOT; };
		BCC206531403D9CE00C1BF57 /* WideNoise.app */ = {isa = PBXFileReference; explicitFileType = wrapper.application; includeInIndex = 0; path = WideNoise.app; sourceTree = BUILT_PRODUCTS_DIR; };
		BCC206571403D9CE00C1BF57 /* UIKit.framework */ = {isa = PBXFileReference; lastKnownFileType = wrapper.framework; name = UIKit.framework; path = System/Library/Frameworks/UIKit.framework; sourceTree = SDKROOT; };
		BCC206591403D9CE00C1BF57 /* Foundation.framework */ = {isa = PBXFileReference; lastKnownFileType = wrapper.framework; name = Foundation.framework; path = System/Library/Frameworks/Foundation.framework; sourceTree = SDKROOT; };
		BCC2065B1403D9CE00C1BF57 /* CoreGraphics.framework */ = {isa = PBXFileReference; lastKnownFileType = wrapper.framework; name = CoreGraphics.framework; path = System/Library/Frameworks/CoreGraphics.framework; sourceTree = SDKROOT; };
		BCC2065F1403D9CE00C1BF57 /* WideNoise-Info.plist */ = {isa = PBXFileReference; lastKnownFileType = text.plist.xml; path = "WideNoise-Info.plist"; sourceTree = "<group>"; };
		BCC206611403D9CE00C1BF57 /* en */ = {isa = PBXFileReference; lastKnownFileType = text.plist.strings; name = en; path = en.lproj/InfoPlist.strings; sourceTree = "<group>"; };
		BCC206631403D9CE00C1BF57 /* main.m */ = {isa = PBXFileReference; lastKnownFileType = sourcecode.c.objc; path = main.m; sourceTree = "<group>"; };
		BCC206651403D9CE00C1BF57 /* WideNoise-Prefix.pch */ = {isa = PBXFileReference; lastKnownFileType = sourcecode.c.h; path = "WideNoise-Prefix.pch"; sourceTree = "<group>"; };
		BCC206661403D9CE00C1BF57 /* WideNoiseAppDelegate.h */ = {isa = PBXFileReference; lastKnownFileType = sourcecode.c.h; path = WideNoiseAppDelegate.h; sourceTree = "<group>"; };
		BCC206671403D9CE00C1BF57 /* WideNoiseAppDelegate.m */ = {isa = PBXFileReference; lastKnownFileType = sourcecode.c.objc; path = WideNoiseAppDelegate.m; sourceTree = "<group>"; };
		BCC2066A1403D9CE00C1BF57 /* en */ = {isa = PBXFileReference; lastKnownFileType = file.xib; name = en; path = en.lproj/MainWindow.xib; sourceTree = "<group>"; };
		BCC206791403E3D500C1BF57 /* WTNoise.h */ = {isa = PBXFileReference; fileEncoding = 4; lastKnownFileType = sourcecode.c.h; name = WTNoise.h; path = Models/WTNoise.h; sourceTree = "<group>"; };
		BCC2067A1403E3D500C1BF57 /* WTNoise.m */ = {isa = PBXFileReference; fileEncoding = 4; lastKnownFileType = sourcecode.c.objc; name = WTNoise.m; path = Models/WTNoise.m; sourceTree = "<group>"; };
/* End PBXFileReference section */

/* Begin PBXFrameworksBuildPhase section */
		BC5706BD1404E9A0009AE913 /* Frameworks */ = {
			isa = PBXFrameworksBuildPhase;
			buildActionMask = 2147483647;
			files = (
				BC5706E01404EE76009AE913 /* SenTestingKit.framework in Frameworks */,
				BC5706C41404E9A0009AE913 /* UIKit.framework in Frameworks */,
				BC5706C51404E9A0009AE913 /* Foundation.framework in Frameworks */,
				BC5706C61404E9A0009AE913 /* CoreGraphics.framework in Frameworks */,
			);
			runOnlyForDeploymentPostprocessing = 0;
		};
		BCC206501403D9CE00C1BF57 /* Frameworks */ = {
			isa = PBXFrameworksBuildPhase;
			buildActionMask = 2147483647;
			files = (
				BC937D2D140547D4004B1147 /* AVFoundation.framework in Frameworks */,
				BC5706771404E02E009AE913 /* CoreLocation.framework in Frameworks */,
				BCC206581403D9CE00C1BF57 /* UIKit.framework in Frameworks */,
				BCC2065A1403D9CE00C1BF57 /* Foundation.framework in Frameworks */,
				BCC2065C1403D9CE00C1BF57 /* CoreGraphics.framework in Frameworks */,
			);
			runOnlyForDeploymentPostprocessing = 0;
		};
/* End PBXFrameworksBuildPhase section */

/* Begin PBXGroup section */
		BC5706C71404E9A0009AE913 /* WideNoiseTests */ = {
			isa = PBXGroup;
			children = (
				BC5706CD1404E9A0009AE913 /* WideNoiseTests.h */,
				BC5706CF1404E9A0009AE913 /* WideNoiseTests.m */,
				BC5706C81404E9A0009AE913 /* Supporting Files */,
			);
			path = WideNoiseTests;
			sourceTree = "<group>";
		};
		BC5706C81404E9A0009AE913 /* Supporting Files */ = {
			isa = PBXGroup;
			children = (
				BC5706C91404E9A0009AE913 /* WideNoiseTests-Info.plist */,
				BC5706CA1404E9A0009AE913 /* InfoPlist.strings */,
				BC5706D11404E9A0009AE913 /* WideNoiseTests-Prefix.pch */,
			);
			name = "Supporting Files";
			sourceTree = "<group>";
		};
		BC5706E41404FB6E009AE913 /* Categories */ = {
			isa = PBXGroup;
			children = (
				BC5706E11404FB5C009AE913 /* NSURLConnection+Blocks.h */,
				BC5706E21404FB5C009AE913 /* NSURLConnection+Blocks.m */,
			);
			name = Categories;
			sourceTree = "<group>";
		};
		BC5706E51405032B009AE913 /* Classes */ = {
			isa = PBXGroup;
			children = (
				BC937D28140546FE004B1147 /* WTNoiseRecorder.h */,
				BC937D29140546FE004B1147 /* WTNoiseRecorder.m */,
			);
			name = Classes;
			sourceTree = "<group>";
		};
		BC5706F114052F66009AE913 /* View Controllers */ = {
			isa = PBXGroup;
			children = (
				BC57070114052FDD009AE913 /* AboutViewController.h */,
				BC57070214052FDD009AE913 /* AboutViewController.m */,
				BC57070314052FDD009AE913 /* AboutViewController.xib */,
				BC5706EC14052F61009AE913 /* ListenViewController.h */,
				BC5706ED14052F62009AE913 /* ListenViewController.m */,
				BC5706EE14052F62009AE913 /* ListenViewController.xib */,
				BC5706F214052FA7009AE913 /* MapViewController.h */,
				BC5706F314052FA7009AE913 /* MapViewController.m */,
				BC5706F414052FA7009AE913 /* MapViewController.xib */,
				BC5706F714052FBD009AE913 /* ShareViewController.h */,
				BC5706F814052FBD009AE913 /* ShareViewController.m */,
				BC5706F914052FBD009AE913 /* ShareViewController.xib */,
			);
			name = "View Controllers";
			sourceTree = "<group>";
		};
		BCC206481403D9CE00C1BF57 = {
			isa = PBXGroup;
			children = (
				BCC2065D1403D9CE00C1BF57 /* WideNoise */,
				BC5706C71404E9A0009AE913 /* WideNoiseTests */,
				BCC206561403D9CE00C1BF57 /* Frameworks */,
				BCC206541403D9CE00C1BF57 /* Products */,
			);
			sourceTree = "<group>";
		};
		BCC206541403D9CE00C1BF57 /* Products */ = {
			isa = PBXGroup;
			children = (
				BCC206531403D9CE00C1BF57 /* WideNoise.app */,
				BC5706C11404E9A0009AE913 /* WideNoiseTests.octest */,
			);
			name = Products;
			sourceTree = "<group>";
		};
		BCC206561403D9CE00C1BF57 /* Frameworks */ = {
			isa = PBXGroup;
			children = (
				BC937D2C140547D4004B1147 /* AVFoundation.framework */,
				BC5706DF1404EE76009AE913 /* SenTestingKit.framework */,
				BC5706761404E02E009AE913 /* CoreLocation.framework */,
				BCC206571403D9CE00C1BF57 /* UIKit.framework */,
				BCC206591403D9CE00C1BF57 /* Foundation.framework */,
				BCC2065B1403D9CE00C1BF57 /* CoreGraphics.framework */,
			);
			name = Frameworks;
			sourceTree = "<group>";
		};
		BCC2065D1403D9CE00C1BF57 /* WideNoise */ = {
			isa = PBXGroup;
			children = (
				BCC206661403D9CE00C1BF57 /* WideNoiseAppDelegate.h */,
				BCC206671403D9CE00C1BF57 /* WideNoiseAppDelegate.m */,
				BCC206691403D9CE00C1BF57 /* MainWindow.xib */,
				BC5706E41404FB6E009AE913 /* Categories */,
				BC5706E51405032B009AE913 /* Classes */,
				BCC2067C1403E3D800C1BF57 /* Models */,
				BC5706F114052F66009AE913 /* View Controllers */,
				BCC2065E1403D9CE00C1BF57 /* Supporting Files */,
			);
			path = WideNoise;
			sourceTree = "<group>";
		};
		BCC2065E1403D9CE00C1BF57 /* Supporting Files */ = {
			isa = PBXGroup;
			children = (
				BCC2065F1403D9CE00C1BF57 /* WideNoise-Info.plist */,
				BCC206601403D9CE00C1BF57 /* InfoPlist.strings */,
				BCC206631403D9CE00C1BF57 /* main.m */,
				BCC206651403D9CE00C1BF57 /* WideNoise-Prefix.pch */,
				BC5ADFF6140692640058EB45 /* functions.c */,
				BC5ADFFA140696350058EB45 /* functions.h */,
			);
			name = "Supporting Files";
			sourceTree = "<group>";
		};
		BCC2067C1403E3D800C1BF57 /* Models */ = {
			isa = PBXGroup;
			children = (
				BCC206791403E3D500C1BF57 /* WTNoise.h */,
				BCC2067A1403E3D500C1BF57 /* WTNoise.m */,
			);
			name = Models;
			sourceTree = "<group>";
		};
/* End PBXGroup section */

/* Begin PBXNativeTarget section */
		BC5706C01404E9A0009AE913 /* WideNoiseTests */ = {
			isa = PBXNativeTarget;
			buildConfigurationList = BC5706D21404E9A0009AE913 /* Build configuration list for PBXNativeTarget "WideNoiseTests" */;
			buildPhases = (
				BC5706BC1404E9A0009AE913 /* Sources */,
				BC5706BD1404E9A0009AE913 /* Frameworks */,
				BC5706BE1404E9A0009AE913 /* Resources */,
				BC5706BF1404E9A0009AE913 /* ShellScript */,
			);
			buildRules = (
			);
			dependencies = (
				BC5706D61404EDD2009AE913 /* PBXTargetDependency */,
			);
			name = WideNoiseTests;
			productName = WideNoiseTests;
			productReference = BC5706C11404E9A0009AE913 /* WideNoiseTests.octest */;
			productType = "com.apple.product-type.bundle";
		};
		BCC206521403D9CE00C1BF57 /* WideNoise */ = {
			isa = PBXNativeTarget;
			buildConfigurationList = BCC2066E1403D9CE00C1BF57 /* Build configuration list for PBXNativeTarget "WideNoise" */;
			buildPhases = (
				BCC2064F1403D9CE00C1BF57 /* Sources */,
				BCC206501403D9CE00C1BF57 /* Frameworks */,
				BCC206511403D9CE00C1BF57 /* Resources */,
			);
			buildRules = (
			);
			dependencies = (
			);
			name = WideNoise;
			productName = WideNoise;
			productReference = BCC206531403D9CE00C1BF57 /* WideNoise.app */;
			productType = "com.apple.product-type.application";
		};
/* End PBXNativeTarget section */

/* Begin PBXProject section */
		BCC2064A1403D9CE00C1BF57 /* Project object */ = {
			isa = PBXProject;
			attributes = {
				ORGANIZATIONNAME = "WideTag, Inc.";
			};
			buildConfigurationList = BCC2064D1403D9CE00C1BF57 /* Build configuration list for PBXProject "WideNoise" */;
			compatibilityVersion = "Xcode 3.2";
			developmentRegion = English;
			hasScannedForEncodings = 0;
			knownRegions = (
				en,
			);
			mainGroup = BCC206481403D9CE00C1BF57;
			productRefGroup = BCC206541403D9CE00C1BF57 /* Products */;
			projectDirPath = "";
			projectRoot = "";
			targets = (
				BCC206521403D9CE00C1BF57 /* WideNoise */,
				BC5706C01404E9A0009AE913 /* WideNoiseTests */,
			);
		};
/* End PBXProject section */

/* Begin PBXResourcesBuildPhase section */
		BC5706BE1404E9A0009AE913 /* Resources */ = {
			isa = PBXResourcesBuildPhase;
			buildActionMask = 2147483647;
			files = (
				BC5706CC1404E9A0009AE913 /* InfoPlist.strings in Resources */,
				BC5706CE1404E9A0009AE913 /* WideNoiseTests.h in Resources */,
			);
			runOnlyForDeploymentPostprocessing = 0;
		};
		BCC206511403D9CE00C1BF57 /* Resources */ = {
			isa = PBXResourcesBuildPhase;
			buildActionMask = 2147483647;
			files = (
				BCC206621403D9CE00C1BF57 /* InfoPlist.strings in Resources */,
				BCC2066B1403D9CE00C1BF57 /* MainWindow.xib in Resources */,
				BC5706F014052F62009AE913 /* ListenViewController.xib in Resources */,
				BC5706F614052FA7009AE913 /* MapViewController.xib in Resources */,
				BC5706FB14052FBD009AE913 /* ShareViewController.xib in Resources */,
				BC57070514052FDD009AE913 /* AboutViewController.xib in Resources */,
			);
			runOnlyForDeploymentPostprocessing = 0;
		};
/* End PBXResourcesBuildPhase section */

/* Begin PBXShellScriptBuildPhase section */
		BC5706BF1404E9A0009AE913 /* ShellScript */ = {
			isa = PBXShellScriptBuildPhase;
			buildActionMask = 2147483647;
			files = (
			);
			inputPaths = (
			);
			outputPaths = (
			);
			runOnlyForDeploymentPostprocessing = 0;
			shellPath = /bin/sh;
			shellScript = "# Run the unit tests in this test bundle.\n\"${SYSTEM_DEVELOPER_DIR}/Tools/RunUnitTests\"\n";
		};
/* End PBXShellScriptBuildPhase section */

/* Begin PBXSourcesBuildPhase section */
		BC5706BC1404E9A0009AE913 /* Sources */ = {
			isa = PBXSourcesBuildPhase;
			buildActionMask = 2147483647;
			files = (
				BC5706D01404E9A0009AE913 /* WideNoiseTests.m in Sources */,
			);
			runOnlyForDeploymentPostprocessing = 0;
		};
		BCC2064F1403D9CE00C1BF57 /* Sources */ = {
			isa = PBXSourcesBuildPhase;
			buildActionMask = 2147483647;
			files = (
				BCC206641403D9CE00C1BF57 /* main.m in Sources */,
				BCC206681403D9CE00C1BF57 /* WideNoiseAppDelegate.m in Sources */,
				BCC2067B1403E3D500C1BF57 /* WTNoise.m in Sources */,
				BC5706E31404FB5C009AE913 /* NSURLConnection+Blocks.m in Sources */,
				BC5706EF14052F62009AE913 /* ListenViewController.m in Sources */,
				BC5706F514052FA7009AE913 /* MapViewController.m in Sources */,
				BC5706FA14052FBD009AE913 /* ShareViewController.m in Sources */,
				BC57070414052FDD009AE913 /* AboutViewController.m in Sources */,
				BC937D2A140546FE004B1147 /* WTNoiseRecorder.m in Sources */,
				BC5ADFF7140692640058EB45 /* functions.c in Sources */,
			);
			runOnlyForDeploymentPostprocessing = 0;
		};
/* End PBXSourcesBuildPhase section */

/* Begin PBXTargetDependency section */
		BC5706D61404EDD2009AE913 /* PBXTargetDependency */ = {
			isa = PBXTargetDependency;
			target = BCC206521403D9CE00C1BF57 /* WideNoise */;
			targetProxy = BC5706D51404EDD2009AE913 /* PBXContainerItemProxy */;
		};
/* End PBXTargetDependency section */

/* Begin PBXVariantGroup section */
		BC5706CA1404E9A0009AE913 /* InfoPlist.strings */ = {
			isa = PBXVariantGroup;
			children = (
				BC5706CB1404E9A0009AE913 /* en */,
			);
			name = InfoPlist.strings;
			sourceTree = "<group>";
		};
		BCC206601403D9CE00C1BF57 /* InfoPlist.strings */ = {
			isa = PBXVariantGroup;
			children = (
				BCC206611403D9CE00C1BF57 /* en */,
			);
			name = InfoPlist.strings;
			sourceTree = "<group>";
		};
		BCC206691403D9CE00C1BF57 /* MainWindow.xib */ = {
			isa = PBXVariantGroup;
			children = (
				BCC2066A1403D9CE00C1BF57 /* en */,
			);
			name = MainWindow.xib;
			sourceTree = "<group>";
		};
/* End PBXVariantGroup section */

/* Begin XCBuildConfiguration section */
		BC5706D31404E9A0009AE913 /* Debug */ = {
			isa = XCBuildConfiguration;
			buildSettings = {
				BUNDLE_LOADER = "$(BUILT_PRODUCTS_DIR)/WideNoise.app/WideNoise";
				FRAMEWORK_SEARCH_PATHS = (
					"$(SDKROOT)/Developer/Library/Frameworks",
					"$(DEVELOPER_LIBRARY_DIR)/Frameworks",
				);
				GCC_PRECOMPILE_PREFIX_HEADER = YES;
				GCC_PREFIX_HEADER = "WideNoiseTests/WideNoiseTests-Prefix.pch";
				INFOPLIST_FILE = "WideNoiseTests/WideNoiseTests-Info.plist";
				PRODUCT_NAME = "$(TARGET_NAME)";
				TEST_HOST = "$(BUNDLE_LOADER)";
				WRAPPER_EXTENSION = octest;
			};
			name = Debug;
		};
		BC5706D41404E9A0009AE913 /* Release */ = {
			isa = XCBuildConfiguration;
			buildSettings = {
				BUNDLE_LOADER = "$(BUILT_PRODUCTS_DIR)/WideNoise.app/WideNoise";
				FRAMEWORK_SEARCH_PATHS = (
					"$(SDKROOT)/Developer/Library/Frameworks",
					"$(DEVELOPER_LIBRARY_DIR)/Frameworks",
				);
				GCC_PRECOMPILE_PREFIX_HEADER = YES;
				GCC_PREFIX_HEADER = "WideNoiseTests/WideNoiseTests-Prefix.pch";
				INFOPLIST_FILE = "WideNoiseTests/WideNoiseTests-Info.plist";
				PRODUCT_NAME = "$(TARGET_NAME)";
				TEST_HOST = "$(BUNDLE_LOADER)";
				WRAPPER_EXTENSION = octest;
			};
			name = Release;
		};
		BCC2066C1403D9CE00C1BF57 /* Debug */ = {
			isa = XCBuildConfiguration;
			buildSettings = {
				ALWAYS_SEARCH_USER_PATHS = NO;
				ARCHS = "$(ARCHS_STANDARD_32_BIT)";
				"CODE_SIGN_IDENTITY[sdk=iphoneos*]" = "iPhone Developer";
				COPY_PHASE_STRIP = NO;
				GCC_C_LANGUAGE_STANDARD = gnu99;
				GCC_DYNAMIC_NO_PIC = NO;
				GCC_OPTIMIZATION_LEVEL = 0;
				GCC_PREPROCESSOR_DEFINITIONS = (
					"DEBUG=1",
					"$(inherited)",
				);
				GCC_SYMBOLS_PRIVATE_EXTERN = NO;
				GCC_VERSION = com.apple.compilers.llvmgcc42;
				GCC_WARN_ABOUT_MISSING_PROTOTYPES = YES;
				GCC_WARN_ABOUT_RETURN_TYPE = YES;
				GCC_WARN_UNUSED_VARIABLE = YES;
				IPHONEOS_DEPLOYMENT_TARGET = 4.3;
				SDKROOT = iphoneos;
			};
			name = Debug;
		};
		BCC2066D1403D9CE00C1BF57 /* Release */ = {
			isa = XCBuildConfiguration;
			buildSettings = {
				ALWAYS_SEARCH_USER_PATHS = NO;
				ARCHS = "$(ARCHS_STANDARD_32_BIT)";
				"CODE_SIGN_IDENTITY[sdk=iphoneos*]" = "iPhone Developer";
				COPY_PHASE_STRIP = YES;
				GCC_C_LANGUAGE_STANDARD = gnu99;
				GCC_VERSION = com.apple.compilers.llvmgcc42;
				GCC_WARN_ABOUT_MISSING_PROTOTYPES = YES;
				GCC_WARN_ABOUT_RETURN_TYPE = YES;
				GCC_WARN_UNUSED_VARIABLE = YES;
				IPHONEOS_DEPLOYMENT_TARGET = 4.3;
				OTHER_CFLAGS = "-DNS_BLOCK_ASSERTIONS=1";
				SDKROOT = iphoneos;
				VALIDATE_PRODUCT = YES;
			};
			name = Release;
		};
		BCC2066F1403D9CE00C1BF57 /* Debug */ = {
			isa = XCBuildConfiguration;
			buildSettings = {
				GCC_PRECOMPILE_PREFIX_HEADER = YES;
				GCC_PREFIX_HEADER = "WideNoise/WideNoise-Prefix.pch";
				INFOPLIST_FILE = "WideNoise/WideNoise-Info.plist";
				PRODUCT_NAME = "$(TARGET_NAME)";
				WRAPPER_EXTENSION = app;
			};
			name = Debug;
		};
		BCC206701403D9CE00C1BF57 /* Release */ = {
			isa = XCBuildConfiguration;
			buildSettings = {
				GCC_PRECOMPILE_PREFIX_HEADER = YES;
				GCC_PREFIX_HEADER = "WideNoise/WideNoise-Prefix.pch";
				INFOPLIST_FILE = "WideNoise/WideNoise-Info.plist";
				PRODUCT_NAME = "$(TARGET_NAME)";
				WRAPPER_EXTENSION = app;
			};
			name = Release;
		};
/* End XCBuildConfiguration section */

/* Begin XCConfigurationList section */
		BC5706D21404E9A0009AE913 /* Build configuration list for PBXNativeTarget "WideNoiseTests" */ = {
			isa = XCConfigurationList;
			buildConfigurations = (
				BC5706D31404E9A0009AE913 /* Debug */,
				BC5706D41404E9A0009AE913 /* Release */,
			);
			defaultConfigurationIsVisible = 0;
			defaultConfigurationName = Release;
		};
		BCC2064D1403D9CE00C1BF57 /* Build configuration list for PBXProject "WideNoise" */ = {
			isa = XCConfigurationList;
			buildConfigurations = (
				BCC2066C1403D9CE00C1BF57 /* Debug */,
				BCC2066D1403D9CE00C1BF57 /* Release */,
			);
			defaultConfigurationIsVisible = 0;
			defaultConfigurationName = Release;
		};
		BCC2066E1403D9CE00C1BF57 /* Build configuration list for PBXNativeTarget "WideNoise" */ = {
			isa = XCConfigurationList;
			buildConfigurations = (
				BCC2066F1403D9CE00C1BF57 /* Debug */,
				BCC206701403D9CE00C1BF57 /* Release */,
			);
			defaultConfigurationIsVisible = 0;
			defaultConfigurationName = Release;
		};
/* End XCConfigurationList section */
	};
	rootObject = BCC2064A1403D9CE00C1BF57 /* Project object */;
}
